// !$*UTF8*$!
{
	archiveVersion = 1;
	classes = {
	};
	objectVersion = 46;
	objects = {

/* Begin PBXBuildFile section */
		F224E00F1CA9A796001786C9 /* AppDelegate.swift in Sources */ = {isa = PBXBuildFile; fileRef = F224E00E1CA9A796001786C9 /* AppDelegate.swift */; };
		F224E0161CA9A796001786C9 /* Assets.xcassets in Resources */ = {isa = PBXBuildFile; fileRef = F224E0151CA9A796001786C9 /* Assets.xcassets */; };
		F224E0191CA9A796001786C9 /* LaunchScreen.storyboard in Resources */ = {isa = PBXBuildFile; fileRef = F224E0171CA9A796001786C9 /* LaunchScreen.storyboard */; };
		F224E0211CA9A889001786C9 /* TableViewController.swift in Sources */ = {isa = PBXBuildFile; fileRef = F224E0201CA9A889001786C9 /* TableViewController.swift */; };
		F224E0241CA9A91F001786C9 /* Configurable.swift in Sources */ = {isa = PBXBuildFile; fileRef = F224E0231CA9A91F001786C9 /* Configurable.swift */; };
		F224E0271CA9AAD8001786C9 /* UserSearchTableViewController.swift in Sources */ = {isa = PBXBuildFile; fileRef = F224E0261CA9AAD8001786C9 /* UserSearchTableViewController.swift */; };
		F224E02A1CA9ABF4001786C9 /* APIClient.swift in Sources */ = {isa = PBXBuildFile; fileRef = F224E0291CA9ABF4001786C9 /* APIClient.swift */; };
		F224E02D1CA9AC35001786C9 /* GithubURL.swift in Sources */ = {isa = PBXBuildFile; fileRef = F224E02C1CA9AC35001786C9 /* GithubURL.swift */; };
		F224E02F1CA9AC5A001786C9 /* DictCreatable.swift in Sources */ = {isa = PBXBuildFile; fileRef = F224E02E1CA9AC5A001786C9 /* DictCreatable.swift */; };
		F224E0311CA9ACBE001786C9 /* User.swift in Sources */ = {isa = PBXBuildFile; fileRef = F224E0301CA9ACBE001786C9 /* User.swift */; };
		F224E0361CA9AF27001786C9 /* RepositoriesTableViewController.swift in Sources */ = {isa = PBXBuildFile; fileRef = F224E0351CA9AF27001786C9 /* RepositoriesTableViewController.swift */; };
		F224E0381CA9AF8A001786C9 /* Repository.swift in Sources */ = {isa = PBXBuildFile; fileRef = F224E0371CA9AF8A001786C9 /* Repository.swift */; };
		F224E03A1CA9AFD0001786C9 /* LabelsPresentable.swift in Sources */ = {isa = PBXBuildFile; fileRef = F224E0391CA9AFD0001786C9 /* LabelsPresentable.swift */; };
		F224E03C1CA9B045001786C9 /* DetailViewController.swift in Sources */ = {isa = PBXBuildFile; fileRef = F224E03B1CA9B045001786C9 /* DetailViewController.swift */; };
		F224E03F1CA9B092001786C9 /* DetailView.swift in Sources */ = {isa = PBXBuildFile; fileRef = F224E03E1CA9B092001786C9 /* DetailView.swift */; };
		F224E0411CA9B115001786C9 /* TwoLabelCell.swift in Sources */ = {isa = PBXBuildFile; fileRef = F224E0401CA9B115001786C9 /* TwoLabelCell.swift */; };
		F22F07B01CB4D943003270FC /* TraditionalUserSerachTableViewController.swift in Sources */ = {isa = PBXBuildFile; fileRef = F22F07AF1CB4D943003270FC /* TraditionalUserSerachTableViewController.swift */; };
		F22F07B21CB76E73003270FC /* TraditionalRepositoriesTableViewController.swift in Sources */ = {isa = PBXBuildFile; fileRef = F22F07B11CB76E73003270FC /* TraditionalRepositoriesTableViewController.swift */; };
/* End PBXBuildFile section */

/* Begin PBXFileReference section */
		F224E00B1CA9A796001786C9 /* TableViewMarch2016.app */ = {isa = PBXFileReference; explicitFileType = wrapper.application; includeInIndex = 0; path = TableViewMarch2016.app; sourceTree = BUILT_PRODUCTS_DIR; };
		F224E00E1CA9A796001786C9 /* AppDelegate.swift */ = {isa = PBXFileReference; lastKnownFileType = sourcecode.swift; path = AppDelegate.swift; sourceTree = "<group>"; };
		F224E0151CA9A796001786C9 /* Assets.xcassets */ = {isa = PBXFileReference; lastKnownFileType = folder.assetcatalog; path = Assets.xcassets; sourceTree = "<group>"; };
		F224E0181CA9A796001786C9 /* Base */ = {isa = PBXFileReference; lastKnownFileType = file.storyboard; name = Base; path = Base.lproj/LaunchScreen.storyboard; sourceTree = "<group>"; };
		F224E01A1CA9A796001786C9 /* Info.plist */ = {isa = PBXFileReference; lastKnownFileType = text.plist.xml; path = Info.plist; sourceTree = "<group>"; };
		F224E0201CA9A889001786C9 /* TableViewController.swift */ = {isa = PBXFileReference; fileEncoding = 4; lastKnownFileType = sourcecode.swift; name = TableViewController.swift; path = Base/TableViewController.swift; sourceTree = "<group>"; };
		F224E0231CA9A91F001786C9 /* Configurable.swift */ = {isa = PBXFileReference; fileEncoding = 4; lastKnownFileType = sourcecode.swift; name = Configurable.swift; path = Protocols/Configurable.swift; sourceTree = "<group>"; };
		F224E0261CA9AAD8001786C9 /* UserSearchTableViewController.swift */ = {isa = PBXFileReference; fileEncoding = 4; lastKnownFileType = sourcecode.swift; name = UserSearchTableViewController.swift; path = UserSearch/UserSearchTableViewController.swift; sourceTree = "<group>"; };
		F224E0291CA9ABF4001786C9 /* APIClient.swift */ = {isa = PBXFileReference; fileEncoding = 4; lastKnownFileType = sourcecode.swift; name = APIClient.swift; path = Networking/APIClient.swift; sourceTree = "<group>"; };
		F224E02C1CA9AC35001786C9 /* GithubURL.swift */ = {isa = PBXFileReference; fileEncoding = 4; lastKnownFileType = sourcecode.swift; name = GithubURL.swift; path = Networking/GithubURL.swift; sourceTree = "<group>"; };
		F224E02E1CA9AC5A001786C9 /* DictCreatable.swift */ = {isa = PBXFileReference; fileEncoding = 4; lastKnownFileType = sourcecode.swift; name = DictCreatable.swift; path = Protocols/DictCreatable.swift; sourceTree = "<group>"; };
		F224E0301CA9ACBE001786C9 /* User.swift */ = {isa = PBXFileReference; fileEncoding = 4; lastKnownFileType = sourcecode.swift; name = User.swift; path = UserSearch/User.swift; sourceTree = "<group>"; };
		F224E0351CA9AF27001786C9 /* RepositoriesTableViewController.swift */ = {isa = PBXFileReference; fileEncoding = 4; lastKnownFileType = sourcecode.swift; name = RepositoriesTableViewController.swift; path = Repositories/RepositoriesTableViewController.swift; sourceTree = "<group>"; };
		F224E0371CA9AF8A001786C9 /* Repository.swift */ = {isa = PBXFileReference; fileEncoding = 4; lastKnownFileType = sourcecode.swift; name = Repository.swift; path = Repositories/Repository.swift; sourceTree = "<group>"; };
		F224E0391CA9AFD0001786C9 /* LabelsPresentable.swift */ = {isa = PBXFileReference; fileEncoding = 4; lastKnownFileType = sourcecode.swift; name = LabelsPresentable.swift; path = Protocols/LabelsPresentable.swift; sourceTree = "<group>"; };
		F224E03B1CA9B045001786C9 /* DetailViewController.swift */ = {isa = PBXFileReference; fileEncoding = 4; lastKnownFileType = sourcecode.swift; name = DetailViewController.swift; path = Detail/DetailViewController.swift; sourceTree = "<group>"; };
		F224E03E1CA9B092001786C9 /* DetailView.swift */ = {isa = PBXFileReference; fileEncoding = 4; lastKnownFileType = sourcecode.swift; name = DetailView.swift; path = Detail/DetailView.swift; sourceTree = "<group>"; };
		F224E0401CA9B115001786C9 /* TwoLabelCell.swift */ = {isa = PBXFileReference; fileEncoding = 4; lastKnownFileType = sourcecode.swift; name = TwoLabelCell.swift; path = Base/TwoLabelCell.swift; sourceTree = "<group>"; };
		F22F07AF1CB4D943003270FC /* TraditionalUserSerachTableViewController.swift */ = {isa = PBXFileReference; fileEncoding = 4; lastKnownFileType = sourcecode.swift; name = TraditionalUserSerachTableViewController.swift; path = UserSearch/TraditionalUserSerachTableViewController.swift; sourceTree = "<group>"; };
		F22F07B11CB76E73003270FC /* TraditionalRepositoriesTableViewController.swift */ = {isa = PBXFileReference; fileEncoding = 4; lastKnownFileType = sourcecode.swift; name = TraditionalRepositoriesTableViewController.swift; path = Repositories/TraditionalRepositoriesTableViewController.swift; sourceTree = "<group>"; };
/* End PBXFileReference section */

/* Begin PBXFrameworksBuildPhase section */
		F224E0081CA9A796001786C9 /* Frameworks */ = {
			isa = PBXFrameworksBuildPhase;
			buildActionMask = 2147483647;
			files = (
			);
			runOnlyForDeploymentPostprocessing = 0;
		};
/* End PBXFrameworksBuildPhase section */

/* Begin PBXGroup section */
		F224E0021CA9A796001786C9 = {
			isa = PBXGroup;
			children = (
				F224E00D1CA9A796001786C9 /* TableViewMarch2016 */,
				F224E00C1CA9A796001786C9 /* Products */,
			);
			sourceTree = "<group>";
		};
		F224E00C1CA9A796001786C9 /* Products */ = {
			isa = PBXGroup;
			children = (
				F224E00B1CA9A796001786C9 /* TableViewMarch2016.app */,
			);
			name = Products;
			sourceTree = "<group>";
		};
		F224E00D1CA9A796001786C9 /* TableViewMarch2016 */ = {
			isa = PBXGroup;
			children = (
				F224E00E1CA9A796001786C9 /* AppDelegate.swift */,
				F224E02B1CA9AC01001786C9 /* Networking */,
				F224E0251CA9A92C001786C9 /* Protocols */,
				F224E0221CA9A8B7001786C9 /* Base */,
				F224E0281CA9AB3B001786C9 /* UserSearch */,
				F224E0341CA9AEFD001786C9 /* Repositories */,
				F224E03D1CA9B04F001786C9 /* Detail */,
				F224E0151CA9A796001786C9 /* Assets.xcassets */,
				F224E0171CA9A796001786C9 /* LaunchScreen.storyboard */,
				F224E01A1CA9A796001786C9 /* Info.plist */,
			);
			path = TableViewMarch2016;
			sourceTree = "<group>";
		};
		F224E0221CA9A8B7001786C9 /* Base */ = {
			isa = PBXGroup;
			children = (
				F224E0201CA9A889001786C9 /* TableViewController.swift */,
				F224E0401CA9B115001786C9 /* TwoLabelCell.swift */,
			);
			name = Base;
			sourceTree = "<group>";
		};
		F224E0251CA9A92C001786C9 /* Protocols */ = {
			isa = PBXGroup;
			children = (
				F224E0231CA9A91F001786C9 /* Configurable.swift */,
				F224E02E1CA9AC5A001786C9 /* DictCreatable.swift */,
				F224E0391CA9AFD0001786C9 /* LabelsPresentable.swift */,
			);
			name = Protocols;
			sourceTree = "<group>";
		};
		F224E0281CA9AB3B001786C9 /* UserSearch */ = {
			isa = PBXGroup;
			children = (
				F224E0261CA9AAD8001786C9 /* UserSearchTableViewController.swift */,
				F224E0301CA9ACBE001786C9 /* User.swift */,
				F22F07AF1CB4D943003270FC /* TraditionalUserSerachTableViewController.swift */,
			);
			name = UserSearch;
			sourceTree = "<group>";
		};
		F224E02B1CA9AC01001786C9 /* Networking */ = {
			isa = PBXGroup;
			children = (
				F224E0291CA9ABF4001786C9 /* APIClient.swift */,
				F224E02C1CA9AC35001786C9 /* GithubURL.swift */,
			);
			name = Networking;
			sourceTree = "<group>";
		};
		F224E0341CA9AEFD001786C9 /* Repositories */ = {
			isa = PBXGroup;
			children = (
				F224E0351CA9AF27001786C9 /* RepositoriesTableViewController.swift */,
				F224E0371CA9AF8A001786C9 /* Repository.swift */,
				F22F07B11CB76E73003270FC /* TraditionalRepositoriesTableViewController.swift */,
			);
			name = Repositories;
			sourceTree = "<group>";
		};
		F224E03D1CA9B04F001786C9 /* Detail */ = {
			isa = PBXGroup;
			children = (
				F224E03B1CA9B045001786C9 /* DetailViewController.swift */,
				F224E03E1CA9B092001786C9 /* DetailView.swift */,
			);
			name = Detail;
			sourceTree = "<group>";
		};
/* End PBXGroup section */

/* Begin PBXNativeTarget section */
		F224E00A1CA9A796001786C9 /* TableViewMarch2016 */ = {
			isa = PBXNativeTarget;
			buildConfigurationList = F224E01D1CA9A796001786C9 /* Build configuration list for PBXNativeTarget "TableViewMarch2016" */;
			buildPhases = (
				F224E0071CA9A796001786C9 /* Sources */,
				F224E0081CA9A796001786C9 /* Frameworks */,
				F224E0091CA9A796001786C9 /* Resources */,
			);
			buildRules = (
			);
			dependencies = (
			);
			name = TableViewMarch2016;
			productName = TableViewMarch2016;
			productReference = F224E00B1CA9A796001786C9 /* TableViewMarch2016.app */;
			productType = "com.apple.product-type.application";
		};
/* End PBXNativeTarget section */

/* Begin PBXProject section */
		F224E0031CA9A796001786C9 /* Project object */ = {
			isa = PBXProject;
			attributes = {
				LastSwiftUpdateCheck = 0730;
				LastUpgradeCheck = 0730;
				ORGANIZATIONNAME = dasdom;
				TargetAttributes = {
					F224E00A1CA9A796001786C9 = {
						CreatedOnToolsVersion = 7.3;
					};
				};
			};
			buildConfigurationList = F224E0061CA9A796001786C9 /* Build configuration list for PBXProject "TableViewMarch2016" */;
			compatibilityVersion = "Xcode 3.2";
			developmentRegion = English;
			hasScannedForEncodings = 0;
			knownRegions = (
				en,
				Base,
			);
			mainGroup = F224E0021CA9A796001786C9;
			productRefGroup = F224E00C1CA9A796001786C9 /* Products */;
			projectDirPath = "";
			projectRoot = "";
			targets = (
				F224E00A1CA9A796001786C9 /* TableViewMarch2016 */,
			);
		};
/* End PBXProject section */

/* Begin PBXResourcesBuildPhase section */
		F224E0091CA9A796001786C9 /* Resources */ = {
			isa = PBXResourcesBuildPhase;
			buildActionMask = 2147483647;
			files = (
				F224E0191CA9A796001786C9 /* LaunchScreen.storyboard in Resources */,
				F224E0161CA9A796001786C9 /* Assets.xcassets in Resources */,
			);
			runOnlyForDeploymentPostprocessing = 0;
		};
/* End PBXResourcesBuildPhase section */

/* Begin PBXSourcesBuildPhase section */
		F224E0071CA9A796001786C9 /* Sources */ = {
			isa = PBXSourcesBuildPhase;
			buildActionMask = 2147483647;
			files = (
				F224E03C1CA9B045001786C9 /* DetailViewController.swift in Sources */,
				F224E02D1CA9AC35001786C9 /* GithubURL.swift in Sources */,
				F224E0361CA9AF27001786C9 /* RepositoriesTableViewController.swift in Sources */,
				F224E03F1CA9B092001786C9 /* DetailView.swift in Sources */,
				F224E0271CA9AAD8001786C9 /* UserSearchTableViewController.swift in Sources */,
				F22F07B21CB76E73003270FC /* TraditionalRepositoriesTableViewController.swift in Sources */,
				F224E0211CA9A889001786C9 /* TableViewController.swift in Sources */,
				F224E0381CA9AF8A001786C9 /* Repository.swift in Sources */,
				F224E0241CA9A91F001786C9 /* Configurable.swift in Sources */,
				F224E0311CA9ACBE001786C9 /* User.swift in Sources */,
				F224E02F1CA9AC5A001786C9 /* DictCreatable.swift in Sources */,
				F22F07B01CB4D943003270FC /* TraditionalUserSerachTableViewController.swift in Sources */,
				F224E00F1CA9A796001786C9 /* AppDelegate.swift in Sources */,
				F224E0411CA9B115001786C9 /* TwoLabelCell.swift in Sources */,
				F224E03A1CA9AFD0001786C9 /* LabelsPresentable.swift in Sources */,
				F224E02A1CA9ABF4001786C9 /* APIClient.swift in Sources */,
			);
			runOnlyForDeploymentPostprocessing = 0;
		};
/* End PBXSourcesBuildPhase section */

/* Begin PBXVariantGroup section */
		F224E0171CA9A796001786C9 /* LaunchScreen.storyboard */ = {
			isa = PBXVariantGroup;
			children = (
				F224E0181CA9A796001786C9 /* Base */,
			);
			name = LaunchScreen.storyboard;
			sourceTree = "<group>";
		};
/* End PBXVariantGroup section */

/* Begin XCBuildConfiguration section */
		F224E01B1CA9A796001786C9 /* Debug */ = {
			isa = XCBuildConfiguration;
			buildSettings = {
				ALWAYS_SEARCH_USER_PATHS = NO;
				CLANG_ANALYZER_NONNULL = YES;
				CLANG_CXX_LANGUAGE_STANDARD = "gnu++0x";
				CLANG_CXX_LIBRARY = "libc++";
				CLANG_ENABLE_MODULES = YES;
				CLANG_ENABLE_OBJC_ARC = YES;
				CLANG_WARN_BOOL_CONVERSION = YES;
				CLANG_WARN_CONSTANT_CONVERSION = YES;
				CLANG_WARN_DIRECT_OBJC_ISA_USAGE = YES_ERROR;
				CLANG_WARN_EMPTY_BODY = YES;
				CLANG_WARN_ENUM_CONVERSION = YES;
				CLANG_WARN_INT_CONVERSION = YES;
				CLANG_WARN_OBJC_ROOT_CLASS = YES_ERROR;
				CLANG_WARN_UNREACHABLE_CODE = YES;
				CLANG_WARN__DUPLICATE_METHOD_MATCH = YES;
				"CODE_SIGN_IDENTITY[sdk=iphoneos*]" = "iPhone Developer";
				COPY_PHASE_STRIP = NO;
				DEBUG_INFORMATION_FORMAT = dwarf;
				ENABLE_STRICT_OBJC_MSGSEND = YES;
				ENABLE_TESTABILITY = YES;
				GCC_C_LANGUAGE_STANDARD = gnu99;
				GCC_DYNAMIC_NO_PIC = NO;
				GCC_NO_COMMON_BLOCKS = YES;
				GCC_OPTIMIZATION_LEVEL = 0;
				GCC_PREPROCESSOR_DEFINITIONS = (
					"DEBUG=1",
					"$(inherited)",
				);
				GCC_WARN_64_TO_32_BIT_CONVERSION = YES;
				GCC_WARN_ABOUT_RETURN_TYPE = YES_ERROR;
				GCC_WARN_UNDECLARED_SELECTOR = YES;
				GCC_WARN_UNINITIALIZED_AUTOS = YES_AGGRESSIVE;
				GCC_WARN_UNUSED_FUNCTION = YES;
				GCC_WARN_UNUSED_VARIABLE = YES;
				IPHONEOS_DEPLOYMENT_TARGET = 9.3;
				MTL_ENABLE_DEBUG_INFO = YES;
				ONLY_ACTIVE_ARCH = YES;
				SDKROOT = iphoneos;
				SWIFT_OPTIMIZATION_LEVEL = "-Onone";
				TARGETED_DEVICE_FAMILY = "1,2";
			};
			name = Debug;
		};
		F224E01C1CA9A796001786C9 /* Release */ = {
			isa = XCBuildConfiguration;
			buildSettings = {
				ALWAYS_SEARCH_USER_PATHS = NO;
				CLANG_ANALYZER_NONNULL = YES;
				CLANG_CXX_LANGUAGE_STANDARD = "gnu++0x";
				CLANG_CXX_LIBRARY = "libc++";
				CLANG_ENABLE_MODULES = YES;
				CLANG_ENABLE_OBJC_ARC = YES;
				CLANG_WARN_BOOL_CONVERSION = YES;
				CLANG_WARN_CONSTANT_CONVERSION = YES;
				CLANG_WARN_DIRECT_OBJC_ISA_USAGE = YES_ERROR;
				CLANG_WARN_EMPTY_BODY = YES;
				CLANG_WARN_ENUM_CONVERSION = YES;
				CLANG_WARN_INT_CONVERSION = YES;
				CLANG_WARN_OBJC_ROOT_CLASS = YES_ERROR;
				CLANG_WARN_UNREACHABLE_CODE = YES;
				CLANG_WARN__DUPLICATE_METHOD_MATCH = YES;
				"CODE_SIGN_IDENTITY[sdk=iphoneos*]" = "iPhone Developer";
				COPY_PHASE_STRIP = NO;
				DEBUG_INFORMATION_FORMAT = "dwarf-with-dsym";
				ENABLE_NS_ASSERTIONS = NO;
				ENABLE_STRICT_OBJC_MSGSEND = YES;
				GCC_C_LANGUAGE_STANDARD = gnu99;
				GCC_NO_COMMON_BLOCKS = YES;
				GCC_WARN_64_TO_32_BIT_CONVERSION = YES;
				GCC_WARN_ABOUT_RETURN_TYPE = YES_ERROR;
				GCC_WARN_UNDECLARED_SELECTOR = YES;
				GCC_WARN_UNINITIALIZED_AUTOS = YES_AGGRESSIVE;
				GCC_WARN_UNUSED_FUNCTION = YES;
				GCC_WARN_UNUSED_VARIABLE = YES;
				IPHONEOS_DEPLOYMENT_TARGET = 9.3;
				MTL_ENABLE_DEBUG_INFO = NO;
				SDKROOT = iphoneos;
				TARGETED_DEVICE_FAMILY = "1,2";
				VALIDATE_PRODUCT = YES;
			};
			name = Release;
		};
		F224E01E1CA9A796001786C9 /* Debug */ = {
			isa = XCBuildConfiguration;
			buildSettings = {
				ASSETCATALOG_COMPILER_APPICON_NAME = AppIcon;
				INFOPLIST_FILE = TableViewMarch2016/Info.plist;
				LD_RUNPATH_SEARCH_PATHS = "$(inherited) @executable_path/Frameworks";
				PRODUCT_BUNDLE_IDENTIFIER = com.swiftandpainless.TableViewMarch2016;
				PRODUCT_NAME = "$(TARGET_NAME)";
			};
			name = Debug;
		};
		F224E01F1CA9A796001786C9 /* Release */ = {
			isa = XCBuildConfiguration;
			buildSettings = {
				ASSETCATALOG_COMPILER_APPICON_NAME = AppIcon;
				INFOPLIST_FILE = TableViewMarch2016/Info.plist;
				LD_RUNPATH_SEARCH_PATHS = "$(inherited) @executable_path/Frameworks";
				PRODUCT_BUNDLE_IDENTIFIER = com.swiftandpainless.TableViewMarch2016;
				PRODUCT_NAME = "$(TARGET_NAME)";
			};
			name = Release;
		};
/* End XCBuildConfiguration section */

/* Begin XCConfigurationList section */
		F224E0061CA9A796001786C9 /* Build configuration list for PBXProject "TableViewMarch2016" */ = {
			isa = XCConfigurationList;
			buildConfigurations = (
				F224E01B1CA9A796001786C9 /* Debug */,
				F224E01C1CA9A796001786C9 /* Release */,
			);
			defaultConfigurationIsVisible = 0;
			defaultConfigurationName = Release;
		};
		F224E01D1CA9A796001786C9 /* Build configuration list for PBXNativeTarget "TableViewMarch2016" */ = {
			isa = XCConfigurationList;
			buildConfigurations = (
				F224E01E1CA9A796001786C9 /* Debug */,
				F224E01F1CA9A796001786C9 /* Release */,
			);
			defaultConfigurationIsVisible = 0;
			defaultConfigurationName = Release;
		};
/* End XCConfigurationList section */
	};
	rootObject = F224E0031CA9A796001786C9 /* Project object */;
}
